
Microsoft Visual Studio Solution File, Format Version 12.00
# Visual Studio Version 17
VisualStudioVersion = 17.14.36301.6 d17.14
MinimumVisualStudioVersion = 10.0.40219.1
Project("{FAE04EC0-301F-11D3-BF4B-00C04F79EFBC}") = "exercicios", "exercicios.csproj", "{CDEA355C-445B-4C3D-8094-F4E926B09F3F}"
EndProject
Project("{FAE04EC0-301F-11D3-BF4B-00C04F79EFBC}") = "tests", "..\tests\tests.csproj", "{82CE44B4-BCBC-4FFA-B7D7-713245BE1903}"
EndProject
Global
	GlobalSection(SolutionConfigurationPlatforms) = preSolution
		Debug|Any CPU = Debug|Any CPU
		Release|Any CPU = Release|Any CPU
	EndGlobalSection
	GlobalSection(ProjectConfigurationPlatforms) = postSolution
		{CDEA355C-445B-4C3D-8094-F4E926B09F3F}.Debug|Any CPU.ActiveCfg = Debug|Any CPU
		{CDEA355C-445B-4C3D-8094-F4E926B09F3F}.Debug|Any CPU.Build.0 = Debug|Any CPU
		{CDEA355C-445B-4C3D-8094-F4E926B09F3F}.Release|Any CPU.ActiveCfg = Release|Any CPU
		{CDEA355C-445B-4C3D-8094-F4E926B09F3F}.Release|Any CPU.Build.0 = Release|Any CPU
		{82CE44B4-BCBC-4FFA-B7D7-713245BE1903}.Debug|Any CPU.ActiveCfg = Debug|Any CPU
		{82CE44B4-BCBC-4FFA-B7D7-713245BE1903}.Debug|Any CPU.Build.0 = Debug|Any CPU
		{82CE44B4-BCBC-4FFA-B7D7-713245BE1903}.Release|Any CPU.ActiveCfg = Release|Any CPU
		{82CE44B4-BCBC-4FFA-B7D7-713245BE1903}.Release|Any CPU.Build.0 = Release|Any CPU
	EndGlobalSection
	GlobalSection(SolutionProperties) = preSolution
		HideSolutionNode = FALSE
	EndGlobalSection
	GlobalSection(ExtensibilityGlobals) = postSolution
		SolutionGuid = {D93C22E0-E0C8-4D1B-ABCA-86D4372DDCFD}
	EndGlobalSection
EndGlobal
